Microsoft Visual Studio Solution File, Format Version 12.00
# Visual Studio 2012
Project("{FAE04EC0-301F-11D3-BF4B-00C04F79EFBC}") = "TextureCreator", "TextureCreator.csproj", "{75F0483B-42CD-4148-B7D4-1E2AB92F53CE}"
EndProject
Global
	GlobalSection(SolutionConfigurationPlatforms) = preSolution
	Debug|Any CPU = Debug|Any CPU
	ExportDebug|Any CPU = ExportDebug|Any CPU
	ExportRelease|Any CPU = ExportRelease|Any CPU
	EndGlobalSection
	GlobalSection(ProjectConfigurationPlatforms) = postSolution
		{75F0483B-42CD-4148-B7D4-1E2AB92F53CE}.Debug|Any CPU.ActiveCfg = Debug|Any CPU
		{75F0483B-42CD-4148-B7D4-1E2AB92F53CE}.Debug|Any CPU.Build.0 = Debug|Any CPU
		{75F0483B-42CD-4148-B7D4-1E2AB92F53CE}.ExportDebug|Any CPU.ActiveCfg = ExportDebug|Any CPU
		{75F0483B-42CD-4148-B7D4-1E2AB92F53CE}.ExportDebug|Any CPU.Build.0 = ExportDebug|Any CPU
		{75F0483B-42CD-4148-B7D4-1E2AB92F53CE}.ExportRelease|Any CPU.ActiveCfg = ExportRelease|Any CPU
		{75F0483B-42CD-4148-B7D4-1E2AB92F53CE}.ExportRelease|Any CPU.Build.0 = ExportRelease|Any CPU
	EndGlobalSection
EndGlobal
